// !$*UTF8*$!
{
	archiveVersion = 1;
	classes = {
	};
	objectVersion = 50;
	objects = {

/* Begin PBXBuildFile section */
		D6FEB02C255EBDE1009B2235 /* AppDelegate.swift in Sources */ = {isa = PBXBuildFile; fileRef = D6FEB02B255EBDE1009B2235 /* AppDelegate.swift */; };
		D6FEB02E255EBDE1009B2235 /* SceneDelegate.swift in Sources */ = {isa = PBXBuildFile; fileRef = D6FEB02D255EBDE1009B2235 /* SceneDelegate.swift */; };
		D6FEB030255EBDE1009B2235 /* ViewController.swift in Sources */ = {isa = PBXBuildFile; fileRef = D6FEB02F255EBDE1009B2235 /* ViewController.swift */; };
		D6FEB033255EBDE1009B2235 /* Main.storyboard in Resources */ = {isa = PBXBuildFile; fileRef = D6FEB031255EBDE1009B2235 /* Main.storyboard */; };
		D6FEB035255EBDE3009B2235 /* Assets.xcassets in Resources */ = {isa = PBXBuildFile; fileRef = D6FEB034255EBDE3009B2235 /* Assets.xcassets */; };
		D6FEB038255EBDE3009B2235 /* LaunchScreen.storyboard in Resources */ = {isa = PBXBuildFile; fileRef = D6FEB036255EBDE3009B2235 /* LaunchScreen.storyboard */; };
/* End PBXBuildFile section */

/* Begin PBXFileReference section */
		D6FEB028255EBDE1009B2235 /* LeakDetectorDemo.app */ = {isa = PBXFileReference; explicitFileType = wrapper.application; includeInIndex = 0; path = LeakDetectorDemo.app; sourceTree = BUILT_PRODUCTS_DIR; };
		D6FEB02B255EBDE1009B2235 /* AppDelegate.swift */ = {isa = PBXFileReference; lastKnownFileType = sourcecode.swift; path = AppDelegate.swift; sourceTree = "<group>"; };
		D6FEB02D255EBDE1009B2235 /* SceneDelegate.swift */ = {isa = PBXFileReference; lastKnownFileType = sourcecode.swift; path = SceneDelegate.swift; sourceTree = "<group>"; };
		D6FEB02F255EBDE1009B2235 /* ViewController.swift */ = {isa = PBXFileReference; lastKnownFileType = sourcecode.swift; path = ViewController.swift; sourceTree = "<group>"; };
		D6FEB032255EBDE1009B2235 /* Base */ = {isa = PBXFileReference; lastKnownFileType = file.storyboard; name = Base; path = Base.lproj/Main.storyboard; sourceTree = "<group>"; };
		D6FEB034255EBDE3009B2235 /* Assets.xcassets */ = {isa = PBXFileReference; lastKnownFileType = folder.assetcatalog; path = Assets.xcassets; sourceTree = "<group>"; };
		D6FEB037255EBDE3009B2235 /* Base */ = {isa = PBXFileReference; lastKnownFileType = file.storyboard; name = Base; path = Base.lproj/LaunchScreen.storyboard; sourceTree = "<group>"; };
		D6FEB039255EBDE3009B2235 /* Info.plist */ = {isa = PBXFileReference; lastKnownFileType = text.plist.xml; path = Info.plist; sourceTree = "<group>"; };
/* End PBXFileReference section */

/* Begin PBXFrameworksBuildPhase section */
		D6FEB025255EBDE1009B2235 /* Frameworks */ = {
			isa = PBXFrameworksBuildPhase;
			buildActionMask = 2147483647;
			files = (
			);
			runOnlyForDeploymentPostprocessing = 0;
		};
/* End PBXFrameworksBuildPhase section */

/* Begin PBXGroup section */
		D6FEB01F255EBDE1009B2235 = {
			isa = PBXGroup;
			children = (
				D6FEB02A255EBDE1009B2235 /* LeakDetectorDemo */,
				D6FEB029255EBDE1009B2235 /* Products */,
			);
			sourceTree = "<group>";
		};
		D6FEB029255EBDE1009B2235 /* Products */ = {
			isa = PBXGroup;
			children = (
				D6FEB028255EBDE1009B2235 /* LeakDetectorDemo.app */,
			);
			name = Products;
			sourceTree = "<group>";
		};
		D6FEB02A255EBDE1009B2235 /* LeakDetectorDemo */ = {
			isa = PBXGroup;
			children = (
				D6FEB02B255EBDE1009B2235 /* AppDelegate.swift */,
				D6FEB02D255EBDE1009B2235 /* SceneDelegate.swift */,
				D6FEB02F255EBDE1009B2235 /* ViewController.swift */,
				D6FEB031255EBDE1009B2235 /* Main.storyboard */,
				D6FEB034255EBDE3009B2235 /* Assets.xcassets */,
				D6FEB036255EBDE3009B2235 /* LaunchScreen.storyboard */,
				D6FEB039255EBDE3009B2235 /* Info.plist */,
			);
			path = LeakDetectorDemo;
			sourceTree = "<group>";
		};
/* End PBXGroup section */

/* Begin PBXNativeTarget section */
		D6FEB027255EBDE1009B2235 /* LeakDetectorDemo */ = {
			isa = PBXNativeTarget;
			buildConfigurationList = D6FEB03C255EBDE3009B2235 /* Build configuration list for PBXNativeTarget "LeakDetectorDemo" */;
			buildPhases = (
				D6FEB024255EBDE1009B2235 /* Sources */,
				D6FEB025255EBDE1009B2235 /* Frameworks */,
				D6FEB026255EBDE1009B2235 /* Resources */,
			);
			buildRules = (
			);
			dependencies = (
			);
			name = LeakDetectorDemo;
			productName = LeakDetectorDemo;
			productReference = D6FEB028255EBDE1009B2235 /* LeakDetectorDemo.app */;
			productType = "com.apple.product-type.application";
		};
/* End PBXNativeTarget section */

/* Begin PBXProject section */
		D6FEB020255EBDE1009B2235 /* Project object */ = {
			isa = PBXProject;
			attributes = {
				LastSwiftUpdateCheck = 1210;
				LastUpgradeCheck = 1210;
				TargetAttributes = {
					D6FEB027255EBDE1009B2235 = {
						CreatedOnToolsVersion = 12.1;
					};
				};
			};
			buildConfigurationList = D6FEB023255EBDE1009B2235 /* Build configuration list for PBXProject "LeakDetectorDemo" */;
			compatibilityVersion = "Xcode 9.3";
			developmentRegion = en;
			hasScannedForEncodings = 0;
			knownRegions = (
				en,
				Base,
			);
			mainGroup = D6FEB01F255EBDE1009B2235;
			productRefGroup = D6FEB029255EBDE1009B2235 /* Products */;
			projectDirPath = "";
			projectRoot = "";
			targets = (
				D6FEB027255EBDE1009B2235 /* LeakDetectorDemo */,
			);
		};
/* End PBXProject section */

/* Begin PBXResourcesBuildPhase section */
		D6FEB026255EBDE1009B2235 /* Resources */ = {
			isa = PBXResourcesBuildPhase;
			buildActionMask = 2147483647;
			files = (
				D6FEB038255EBDE3009B2235 /* LaunchScreen.storyboard in Resources */,
				D6FEB035255EBDE3009B2235 /* Assets.xcassets in Resources */,
				D6FEB033255EBDE1009B2235 /* Main.storyboard in Resources */,
			);
			runOnlyForDeploymentPostprocessing = 0;
		};
/* End PBXResourcesBuildPhase section */

/* Begin PBXSourcesBuildPhase section */
		D6FEB024255EBDE1009B2235 /* Sources */ = {
			isa = PBXSourcesBuildPhase;
			buildActionMask = 2147483647;
			files = (
				D6FEB030255EBDE1009B2235 /* ViewController.swift in Sources */,
				D6FEB02C255EBDE1009B2235 /* AppDelegate.swift in Sources */,
				D6FEB02E255EBDE1009B2235 /* SceneDelegate.swift in Sources */,
			);
			runOnlyForDeploymentPostprocessing = 0;
		};
/* End PBXSourcesBuildPhase section */

/* Begin PBXVariantGroup section */
		D6FEB031255EBDE1009B2235 /* Main.storyboard */ = {
			isa = PBXVariantGroup;
			children = (
				D6FEB032255EBDE1009B2235 /* Base */,
			);
			name = Main.storyboard;
			sourceTree = "<group>";
		};
		D6FEB036255EBDE3009B2235 /* LaunchScreen.storyboard */ = {
			isa = PBXVariantGroup;
			children = (
				D6FEB037255EBDE3009B2235 /* Base */,
			);
			name = LaunchScreen.storyboard;
			sourceTree = "<group>";
		};
/* End PBXVariantGroup section */

/* Begin XCBuildConfiguration section */
		D6FEB03A255EBDE3009B2235 /* Debug */ = {
			isa = XCBuildConfiguration;
			buildSettings = {
				ALWAYS_SEARCH_USER_PATHS = NO;
				CLANG_ANALYZER_NONNULL = YES;
				CLANG_ANALYZER_NUMBER_OBJECT_CONVERSION = YES_AGGRESSIVE;
				CLANG_CXX_LANGUAGE_STANDARD = "gnu++14";
				CLANG_CXX_LIBRARY = "libc++";
				CLANG_ENABLE_MODULES = YES;
				CLANG_ENABLE_OBJC_ARC = YES;
				CLANG_ENABLE_OBJC_WEAK = YES;
				CLANG_WARN_BLOCK_CAPTURE_AUTORELEASING = YES;
				CLANG_WARN_BOOL_CONVERSION = YES;
				CLANG_WARN_COMMA = YES;
				CLANG_WARN_CONSTANT_CONVERSION = YES;
				CLANG_WARN_DEPRECATED_OBJC_IMPLEMENTATIONS = YES;
				CLANG_WARN_DIRECT_OBJC_ISA_USAGE = YES_ERROR;
				CLANG_WARN_DOCUMENTATION_COMMENTS = YES;
				CLANG_WARN_EMPTY_BODY = YES;
				CLANG_WARN_ENUM_CONVERSION = YES;
				CLANG_WARN_INFINITE_RECURSION = YES;
				CLANG_WARN_INT_CONVERSION = YES;
				CLANG_WARN_NON_LITERAL_NULL_CONVERSION = YES;
				CLANG_WARN_OBJC_IMPLICIT_RETAIN_SELF = YES;
				CLANG_WARN_OBJC_LITERAL_CONVERSION = YES;
				CLANG_WARN_OBJC_ROOT_CLASS = YES_ERROR;
				CLANG_WARN_QUOTED_INCLUDE_IN_FRAMEWORK_HEADER = YES;
				CLANG_WARN_RANGE_LOOP_ANALYSIS = YES;
				CLANG_WARN_STRICT_PROTOTYPES = YES;
				CLANG_WARN_SUSPICIOUS_MOVE = YES;
				CLANG_WARN_UNGUARDED_AVAILABILITY = YES_AGGRESSIVE;
				CLANG_WARN_UNREACHABLE_CODE = YES;
				CLANG_WARN__DUPLICATE_METHOD_MATCH = YES;
				COPY_PHASE_STRIP = NO;
				DEBUG_INFORMATION_FORMAT = dwarf;
				ENABLE_STRICT_OBJC_MSGSEND = YES;
				ENABLE_TESTABILITY = YES;
				GCC_C_LANGUAGE_STANDARD = gnu11;
				GCC_DYNAMIC_NO_PIC = NO;
				GCC_NO_COMMON_BLOCKS = YES;
				GCC_OPTIMIZATION_LEVEL = 0;
				GCC_PREPROCESSOR_DEFINITIONS = (
					"DEBUG=1",
					"$(inherited)",
				);
				GCC_WARN_64_TO_32_BIT_CONVERSION = YES;
				GCC_WARN_ABOUT_RETURN_TYPE = YES_ERROR;
				GCC_WARN_UNDECLARED_SELECTOR = YES;
				GCC_WARN_UNINITIALIZED_AUTOS = YES_AGGRESSIVE;
				GCC_WARN_UNUSED_FUNCTION = YES;
				GCC_WARN_UNUSED_VARIABLE = YES;
				IPHONEOS_DEPLOYMENT_TARGET = 14.1;
				MTL_ENABLE_DEBUG_INFO = INCLUDE_SOURCE;
				MTL_FAST_MATH = YES;
				ONLY_ACTIVE_ARCH = YES;
				SDKROOT = iphoneos;
				SWIFT_ACTIVE_COMPILATION_CONDITIONS = DEBUG;
				SWIFT_OPTIMIZATION_LEVEL = "-Onone";
			};
			name = Debug;
		};
		D6FEB03B255EBDE3009B2235 /* Release */ = {
			isa = XCBuildConfiguration;
			buildSettings = {
				ALWAYS_SEARCH_USER_PATHS = NO;
				CLANG_ANALYZER_NONNULL = YES;
				CLANG_ANALYZER_NUMBER_OBJECT_CONVERSION = YES_AGGRESSIVE;
				CLANG_CXX_LANGUAGE_STANDARD = "gnu++14";
				CLANG_CXX_LIBRARY = "libc++";
				CLANG_ENABLE_MODULES = YES;
				CLANG_ENABLE_OBJC_ARC = YES;
				CLANG_ENABLE_OBJC_WEAK = YES;
				CLANG_WARN_BLOCK_CAPTURE_AUTORELEASING = YES;
				CLANG_WARN_BOOL_CONVERSION = YES;
				CLANG_WARN_COMMA = YES;
				CLANG_WARN_CONSTANT_CONVERSION = YES;
				CLANG_WARN_DEPRECATED_OBJC_IMPLEMENTATIONS = YES;
				CLANG_WARN_DIRECT_OBJC_ISA_USAGE = YES_ERROR;
				CLANG_WARN_DOCUMENTATION_COMMENTS = YES;
				CLANG_WARN_EMPTY_BODY = YES;
				CLANG_WARN_ENUM_CONVERSION = YES;
				CLANG_WARN_INFINITE_RECURSION = YES;
				CLANG_WARN_INT_CONVERSION = YES;
				CLANG_WARN_NON_LITERAL_NULL_CONVERSION = YES;
				CLANG_WARN_OBJC_IMPLICIT_RETAIN_SELF = YES;
				CLANG_WARN_OBJC_LITERAL_CONVERSION = YES;
				CLANG_WARN_OBJC_ROOT_CLASS = YES_ERROR;
				CLANG_WARN_QUOTED_INCLUDE_IN_FRAMEWORK_HEADER = YES;
				CLANG_WARN_RANGE_LOOP_ANALYSIS = YES;
				CLANG_WARN_STRICT_PROTOTYPES = YES;
				CLANG_WARN_SUSPICIOUS_MOVE = YES;
				CLANG_WARN_UNGUARDED_AVAILABILITY = YES_AGGRESSIVE;
				CLANG_WARN_UNREACHABLE_CODE = YES;
				CLANG_WARN__DUPLICATE_METHOD_MATCH = YES;
				COPY_PHASE_STRIP = NO;
				DEBUG_INFORMATION_FORMAT = "dwarf-with-dsym";
				ENABLE_NS_ASSERTIONS = NO;
				ENABLE_STRICT_OBJC_MSGSEND = YES;
				GCC_C_LANGUAGE_STANDARD = gnu11;
				GCC_NO_COMMON_BLOCKS = YES;
				GCC_WARN_64_TO_32_BIT_CONVERSION = YES;
				GCC_WARN_ABOUT_RETURN_TYPE = YES_ERROR;
				GCC_WARN_UNDECLARED_SELECTOR = YES;
				GCC_WARN_UNINITIALIZED_AUTOS = YES_AGGRESSIVE;
				GCC_WARN_UNUSED_FUNCTION = YES;
				GCC_WARN_UNUSED_VARIABLE = YES;
				IPHONEOS_DEPLOYMENT_TARGET = 14.1;
				MTL_ENABLE_DEBUG_INFO = NO;
				MTL_FAST_MATH = YES;
				SDKROOT = iphoneos;
				SWIFT_COMPILATION_MODE = wholemodule;
				SWIFT_OPTIMIZATION_LEVEL = "-O";
				VALIDATE_PRODUCT = YES;
			};
			name = Release;
		};
		D6FEB03D255EBDE3009B2235 /* Debug */ = {
			isa = XCBuildConfiguration;
			buildSettings = {
				ASSETCATALOG_COMPILER_APPICON_NAME = AppIcon;
				ASSETCATALOG_COMPILER_GLOBAL_ACCENT_COLOR_NAME = AccentColor;
				CODE_SIGN_STYLE = Automatic;
				DEVELOPMENT_TEAM = Z9NR9W2HK2;
				INFOPLIST_FILE = LeakDetectorDemo/Info.plist;
				LD_RUNPATH_SEARCH_PATHS = (
					"$(inherited)",
					"@executable_path/Frameworks",
				);
				PRODUCT_BUNDLE_IDENTIFIER = com.temp.LeakDetectorDemo;
				PRODUCT_NAME = "$(TARGET_NAME)";
				SWIFT_VERSION = 5.0;
				TARGETED_DEVICE_FAMILY = "1,2";
			};
			name = Debug;
		};
		D6FEB03E255EBDE3009B2235 /* Release */ = {
			isa = XCBuildConfiguration;
			buildSettings = {
				ASSETCATALOG_COMPILER_APPICON_NAME = AppIcon;
				ASSETCATALOG_COMPILER_GLOBAL_ACCENT_COLOR_NAME = AccentColor;
				CODE_SIGN_STYLE = Automatic;
				DEVELOPMENT_TEAM = Z9NR9W2HK2;
				INFOPLIST_FILE = LeakDetectorDemo/Info.plist;
				LD_RUNPATH_SEARCH_PATHS = (
					"$(inherited)",
					"@executable_path/Frameworks",
				);
				PRODUCT_BUNDLE_IDENTIFIER = com.temp.LeakDetectorDemo;
				PRODUCT_NAME = "$(TARGET_NAME)";
				SWIFT_VERSION = 5.0;
				TARGETED_DEVICE_FAMILY = "1,2";
			};
			name = Release;
		};
/* End XCBuildConfiguration section */

/* Begin XCConfigurationList section */
		D6FEB023255EBDE1009B2235 /* Build configuration list for PBXProject "LeakDetectorDemo" */ = {
			isa = XCConfigurationList;
			buildConfigurations = (
				D6FEB03A255EBDE3009B2235 /* Debug */,
				D6FEB03B255EBDE3009B2235 /* Release */,
			);
			defaultConfigurationIsVisible = 0;
			defaultConfigurationName = Release;
		};
		D6FEB03C255EBDE3009B2235 /* Build configuration list for PBXNativeTarget "LeakDetectorDemo" */ = {
			isa = XCConfigurationList;
			buildConfigurations = (
				D6FEB03D255EBDE3009B2235 /* Debug */,
				D6FEB03E255EBDE3009B2235 /* Release */,
			);
			defaultConfigurationIsVisible = 0;
			defaultConfigurationName = Release;
		};
/* End XCConfigurationList section */
	};
	rootObject = D6FEB020255EBDE1009B2235 /* Project object */;
}
